
Microsoft Visual Studio Solution File, Format Version 12.00
# Visual Studio Version 16
VisualStudioVersion = 16.0.31205.134
MinimumVisualStudioVersion = 10.0.40219.1
Project("{FAE04EC0-301F-11D3-BF4B-00C04F79EFBC}") = "DanhGiaThucTap.Android", "DanhGiaThucTap\DanhGiaThucTap.Android\DanhGiaThucTap.Android.csproj", "{A5508F7A-784F-42AD-A79D-D03E30D4062D}"
EndProject
Project("{FAE04EC0-301F-11D3-BF4B-00C04F79EFBC}") = "DanhGiaThucTap", "DanhGiaThucTap\DanhGiaThucTap\DanhGiaThucTap.csproj", "{F686C6EC-49AB-4BBF-8663-E29E8D7670AD}"
EndProject
Global
	GlobalSection(SolutionConfigurationPlatforms) = preSolution
		Debug|Any CPU = Debug|Any CPU
		Release|Any CPU = Release|Any CPU
	EndGlobalSection
	GlobalSection(ProjectConfigurationPlatforms) = postSolution
		{A5508F7A-784F-42AD-A79D-D03E30D4062D}.Debug|Any CPU.ActiveCfg = Debug|Any CPU
		{A5508F7A-784F-42AD-A79D-D03E30D4062D}.Debug|Any CPU.Build.0 = Debug|Any CPU
		{A5508F7A-784F-42AD-A79D-D03E30D4062D}.Debug|Any CPU.Deploy.0 = Debug|Any CPU
		{A5508F7A-784F-42AD-A79D-D03E30D4062D}.Release|Any CPU.ActiveCfg = Release|Any CPU
		{A5508F7A-784F-42AD-A79D-D03E30D4062D}.Release|Any CPU.Build.0 = Release|Any CPU
		{A5508F7A-784F-42AD-A79D-D03E30D4062D}.Release|Any CPU.Deploy.0 = Release|Any CPU
		{F686C6EC-49AB-4BBF-8663-E29E8D7670AD}.Debug|Any CPU.ActiveCfg = Debug|Any CPU
		{F686C6EC-49AB-4BBF-8663-E29E8D7670AD}.Debug|Any CPU.Build.0 = Debug|Any CPU
		{F686C6EC-49AB-4BBF-8663-E29E8D7670AD}.Debug|Any CPU.Deploy.0 = Debug|Any CPU
		{F686C6EC-49AB-4BBF-8663-E29E8D7670AD}.Release|Any CPU.ActiveCfg = Release|Any CPU
		{F686C6EC-49AB-4BBF-8663-E29E8D7670AD}.Release|Any CPU.Build.0 = Release|Any CPU
		{F686C6EC-49AB-4BBF-8663-E29E8D7670AD}.Release|Any CPU.Deploy.0 = Release|Any CPU
	EndGlobalSection
	GlobalSection(SolutionProperties) = preSolution
		HideSolutionNode = FALSE
	EndGlobalSection
	GlobalSection(ExtensibilityGlobals) = postSolution
		SolutionGuid = {D7CE6A3D-97D4-4B88-A291-BD457FE233C7}
	EndGlobalSection
EndGlobal
